
Microsoft Visual Studio Solution File, Format Version 12.00
# Visual Studio Version 16
VisualStudioVersion = 16.0.29230.47
MinimumVisualStudioVersion = 10.0.40219.1
Project("{FAE04EC0-301F-11D3-BF4B-00C04F79EFBC}") = "Asg2-axk180196", "Asg2-axk180196.csproj", "{D953DF0F-7104-4718-B11C-47F8E7DF666E}"
EndProject
Global
	GlobalSection(SolutionConfigurationPlatforms) = preSolution
		Debug|Any CPU = Debug|Any CPU
		Release|Any CPU = Release|Any CPU
	EndGlobalSection
	GlobalSection(ProjectConfigurationPlatforms) = postSolution
		{D953DF0F-7104-4718-B11C-47F8E7DF666E}.Debug|Any CPU.ActiveCfg = Debug|Any CPU
		{D953DF0F-7104-4718-B11C-47F8E7DF666E}.Debug|Any CPU.Build.0 = Debug|Any CPU
		{D953DF0F-7104-4718-B11C-47F8E7DF666E}.Release|Any CPU.ActiveCfg = Release|Any CPU
		{D953DF0F-7104-4718-B11C-47F8E7DF666E}.Release|Any CPU.Build.0 = Release|Any CPU
	EndGlobalSection
	GlobalSection(SolutionProperties) = preSolution
		HideSolutionNode = FALSE
	EndGlobalSection
	GlobalSection(ExtensibilityGlobals) = postSolution
		SolutionGuid = {5C738EAC-34DD-477A-B55E-64B11EB5B149}
	EndGlobalSection
EndGlobal
